
Microsoft Visual Studio Solution File, Format Version 12.00
# Visual Studio Version 17
VisualStudioVersion = 17.5.002.0
MinimumVisualStudioVersion = 10.0.40219.1
Project("{9A19103F-16F7-4668-BE54-9A1E7A4F7556}") = "ContactsBook", "ContactsBook.csproj", "{0A8CF240-D03A-433C-A9EC-65C64273FF6E}"
EndProject
Global
	GlobalSection(SolutionConfigurationPlatforms) = preSolution
		Debug|Any CPU = Debug|Any CPU
		Release|Any CPU = Release|Any CPU
	EndGlobalSection
	GlobalSection(ProjectConfigurationPlatforms) = postSolution
		{0A8CF240-D03A-433C-A9EC-65C64273FF6E}.Debug|Any CPU.ActiveCfg = Debug|Any CPU
		{0A8CF240-D03A-433C-A9EC-65C64273FF6E}.Debug|Any CPU.Build.0 = Debug|Any CPU
		{0A8CF240-D03A-433C-A9EC-65C64273FF6E}.Release|Any CPU.ActiveCfg = Release|Any CPU
		{0A8CF240-D03A-433C-A9EC-65C64273FF6E}.Release|Any CPU.Build.0 = Release|Any CPU
	EndGlobalSection
	GlobalSection(SolutionProperties) = preSolution
		HideSolutionNode = FALSE
	EndGlobalSection
	GlobalSection(ExtensibilityGlobals) = postSolution
		SolutionGuid = {281EFDE5-1289-4F91-8E56-CB7B284014CE}
	EndGlobalSection
EndGlobal
